
Microsoft Visual Studio Solution File, Format Version 12.00
# Visual Studio Version 17
VisualStudioVersion = 17.10.35013.160
MinimumVisualStudioVersion = 10.0.40219.1
Project("{FAE04EC0-301F-11D3-BF4B-00C04F79EFBC}") = "NeonColors", "NeonColors\NeonColors.csproj", "{C7BC520D-0D26-4123-97DF-B8BA010B327D}"
EndProject
Global
	GlobalSection(SolutionConfigurationPlatforms) = preSolution
		Debug|Any CPU = Debug|Any CPU
		Release|Any CPU = Release|Any CPU
	EndGlobalSection
	GlobalSection(ProjectConfigurationPlatforms) = postSolution
		{C7BC520D-0D26-4123-97DF-B8BA010B327D}.Debug|Any CPU.ActiveCfg = Debug|Any CPU
		{C7BC520D-0D26-4123-97DF-B8BA010B327D}.Debug|Any CPU.Build.0 = Debug|Any CPU
		{C7BC520D-0D26-4123-97DF-B8BA010B327D}.Release|Any CPU.ActiveCfg = Release|Any CPU
		{C7BC520D-0D26-4123-97DF-B8BA010B327D}.Release|Any CPU.Build.0 = Release|Any CPU
	EndGlobalSection
	GlobalSection(SolutionProperties) = preSolution
		HideSolutionNode = FALSE
	EndGlobalSection
	GlobalSection(ExtensibilityGlobals) = postSolution
		SolutionGuid = {6725891B-886C-4BAD-AD3A-BC3F4903B7E9}
	EndGlobalSection
EndGlobal
